
Microsoft Visual Studio Solution File, Format Version 12.00
# Visual Studio Version 17
VisualStudioVersion = 17.10.34916.146
MinimumVisualStudioVersion = 10.0.40219.1
Project("{FAE04EC0-301F-11D3-BF4B-00C04F79EFBC}") = "ChatCommon", "ChatCommon.csproj", "{B598CDE6-7BD7-4EC2-A23A-DBABFD84DA5C}"
EndProject
Project("{FAE04EC0-301F-11D3-BF4B-00C04F79EFBC}") = "ChatApp", "..\ChatApp\ChatApp.csproj", "{71A6BA8A-DFB8-4445-8BF0-282A83C47D26}"
EndProject
Project("{9A19103F-16F7-4668-BE54-9A1E7A4F7556}") = "ChatDB", "..\ChatDB\ChatDB.csproj", "{131F2322-F20F-4213-BAA0-86DC2CC9F65D}"
EndProject
Global
	GlobalSection(SolutionConfigurationPlatforms) = preSolution
		Debug|Any CPU = Debug|Any CPU
		Release|Any CPU = Release|Any CPU
	EndGlobalSection
	GlobalSection(ProjectConfigurationPlatforms) = postSolution
		{B598CDE6-7BD7-4EC2-A23A-DBABFD84DA5C}.Debug|Any CPU.ActiveCfg = Debug|Any CPU
		{B598CDE6-7BD7-4EC2-A23A-DBABFD84DA5C}.Debug|Any CPU.Build.0 = Debug|Any CPU
		{B598CDE6-7BD7-4EC2-A23A-DBABFD84DA5C}.Release|Any CPU.ActiveCfg = Release|Any CPU
		{B598CDE6-7BD7-4EC2-A23A-DBABFD84DA5C}.Release|Any CPU.Build.0 = Release|Any CPU
		{71A6BA8A-DFB8-4445-8BF0-282A83C47D26}.Debug|Any CPU.ActiveCfg = Debug|Any CPU
		{71A6BA8A-DFB8-4445-8BF0-282A83C47D26}.Debug|Any CPU.Build.0 = Debug|Any CPU
		{71A6BA8A-DFB8-4445-8BF0-282A83C47D26}.Release|Any CPU.ActiveCfg = Release|Any CPU
		{71A6BA8A-DFB8-4445-8BF0-282A83C47D26}.Release|Any CPU.Build.0 = Release|Any CPU
		{131F2322-F20F-4213-BAA0-86DC2CC9F65D}.Debug|Any CPU.ActiveCfg = Debug|Any CPU
		{131F2322-F20F-4213-BAA0-86DC2CC9F65D}.Debug|Any CPU.Build.0 = Debug|Any CPU
		{131F2322-F20F-4213-BAA0-86DC2CC9F65D}.Release|Any CPU.ActiveCfg = Release|Any CPU
		{131F2322-F20F-4213-BAA0-86DC2CC9F65D}.Release|Any CPU.Build.0 = Release|Any CPU
	EndGlobalSection
	GlobalSection(SolutionProperties) = preSolution
		HideSolutionNode = FALSE
	EndGlobalSection
	GlobalSection(ExtensibilityGlobals) = postSolution
		SolutionGuid = {DE7CCD84-BFF9-4D48-9CDC-F9E8D45F3F2C}
	EndGlobalSection
EndGlobal
